<?xml version="1.0" encoding="utf-8"?>
<Project ToolsVersion="4.0" xmlns="http://schemas.microsoft.com/developer/msbuild/2003">
  <ItemGroup>
    <Filter Include="Source Files">
      <UniqueIdentifier>{f44f8327-0f50-4822-846a-b417d36cbe12}</UniqueIdentifier>
      <Extensions>cpp;c;cxx;rc;def;r;odl;idl;hpj;bat</Extensions>
    </Filter>
    <Filter Include="Header Files">
      <UniqueIdentifier>{724066d5-e447-406c-a8a3-cf00fbf4d35f}</UniqueIdentifier>
      <Extensions>h;hpp;hxx;hm;inl</Extensions>
    </Filter>
    <Filter Include="Resource Files">
      <UniqueIdentifier>{02ab7f34-0fab-4e07-91df-4d748bffd7de}</UniqueIdentifier>
      <Extensions>ico;cur;bmp;dlg;rc2;rct;bin;rgs;gif;jpg;jpeg;jpe</Extensions>
    </Filter>
  </ItemGroup>
  <ItemGroup>
    <ClCompile Include="ann.cpp">
      <Filter>Source Files</Filter>
    </ClCompile>
    <ClCompile Include="CImg.cpp">
      <Filter>Source Files</Filter>
    </ClCompile>
    <ClCompile Include="GetPicData.cpp">
      <Filter>Source Files</Filter>
    </ClCompile>
    <ClCompile Include="MainFrm.cpp">
      <Filter>Source Files</Filter>
    </ClCompile>
    <ClCompile Include="PlateIdenfify.cpp">
      <Filter>Source Files</Filter>
    </ClCompile>
    <ClCompile Include="PlateIdenfifyDoc.cpp">
      <Filter>Source Files</Filter>
    </ClCompile>
    <ClCompile Include="PlateIdenfifyView.cpp">
      <Filter>Source Files</Filter>
    </ClCompile>
    <ClCompile Include="StdAfx.cpp">
      <Filter>Source Files</Filter>
    </ClCompile>
  </ItemGroup>
  <ItemGroup>
    <ResourceCompile Include="PlateIdenfify.rc">
      <Filter>Source Files</Filter>
    </ResourceCompile>
  </ItemGroup>
  <ItemGroup>
    <ClInclude Include="ann.h">
      <Filter>Header Files</Filter>
    </ClInclude>
    <ClInclude Include="CImg.h">
      <Filter>Header Files</Filter>
    </ClInclude>
    <ClInclude Include="cv.h">
      <Filter>Header Files</Filter>
    </ClInclude>
    <ClInclude Include="cv.hpp">
      <Filter>Header Files</Filter>
    </ClInclude>
    <ClInclude Include="cvcompat.h">
      <Filter>Header Files</Filter>
    </ClInclude>
    <ClInclude Include="cvtypes.h">
      <Filter>Header Files</Filter>
    </ClInclude>
    <ClInclude Include="cvver.h">
      <Filter>Header Files</Filter>
    </ClInclude>
    <ClInclude Include="cxcore.h">
      <Filter>Header Files</Filter>
    </ClInclude>
    <ClInclude Include="cxcore.hpp">
      <Filter>Header Files</Filter>
    </ClInclude>
    <ClInclude Include="cxerror.h">
      <Filter>Header Files</Filter>
    </ClInclude>
    <ClInclude Include="cxtypes.h">
      <Filter>Header Files</Filter>
    </ClInclude>
    <ClInclude Include="GetPicData.h">
      <Filter>Header Files</Filter>
    </ClInclude>
    <ClInclude Include="highgui.h">
      <Filter>Header Files</Filter>
    </ClInclude>
    <ClInclude Include="MainFrm.h">
      <Filter>Header Files</Filter>
    </ClInclude>
    <ClInclude Include="PlateIdenfify.h">
      <Filter>Header Files</Filter>
    </ClInclude>
    <ClInclude Include="PlateIdenfifyDoc.h">
      <Filter>Header Files</Filter>
    </ClInclude>
    <ClInclude Include="PlateIdenfifyView.h">
      <Filter>Header Files</Filter>
    </ClInclude>
    <ClInclude Include="Resource.h">
      <Filter>Header Files</Filter>
    </ClInclude>
    <ClInclude Include="ShowImg.h">
      <Filter>Header Files</Filter>
    </ClInclude>
    <ClInclude Include="StdAfx.h">
      <Filter>Header Files</Filter>
    </ClInclude>
  </ItemGroup>
  <ItemGroup>
    <Library Include="Lib\cv.lib" />
    <Library Include="Lib\cxcore.lib" />
    <Library Include="Lib\highgui.lib" />
  </ItemGroup>
  <ItemGroup>
    <CustomBuild Include="Lib\highgui100.dll">
      <Filter>Source Files</Filter>
    </CustomBuild>
    <CustomBuild Include="res\PlateIdenfify.ico">
      <Filter>Resource Files</Filter>
    </CustomBuild>
    <CustomBuild Include="res\PlateIdenfify.rc2">
      <Filter>Resource Files</Filter>
    </CustomBuild>
    <CustomBuild Include="res\PlateIdenfifyDoc.ico">
      <Filter>Resource Files</Filter>
    </CustomBuild>
    <CustomBuild Include="ReadMe.txt" />
  </ItemGroup>
  <ItemGroup>
    <None Include="res\Logo.bmp">
      <Filter>Resource Files</Filter>
    </None>
  </ItemGroup>
</Project>